
Microsoft Visual Studio Solution File, Format Version 12.00
# Visual Studio Version 16
VisualStudioVersion = 16.0.32002.261
MinimumVisualStudioVersion = 10.0.40219.1
Project("{FAE04EC0-301F-11D3-BF4B-00C04F79EFBC}") = "HannProjectOmg", "HannProjectOmg\HannProjectOmg.csproj", "{8BE52366-ACA3-4E70-88C9-7B6D261144EA}"
EndProject
Global
	GlobalSection(SolutionConfigurationPlatforms) = preSolution
		Debug|Any CPU = Debug|Any CPU
		Release|Any CPU = Release|Any CPU
	EndGlobalSection
	GlobalSection(ProjectConfigurationPlatforms) = postSolution
		{8BE52366-ACA3-4E70-88C9-7B6D261144EA}.Debug|Any CPU.ActiveCfg = Debug|Any CPU
		{8BE52366-ACA3-4E70-88C9-7B6D261144EA}.Debug|Any CPU.Build.0 = Debug|Any CPU
		{8BE52366-ACA3-4E70-88C9-7B6D261144EA}.Release|Any CPU.ActiveCfg = Release|Any CPU
		{8BE52366-ACA3-4E70-88C9-7B6D261144EA}.Release|Any CPU.Build.0 = Release|Any CPU
	EndGlobalSection
	GlobalSection(SolutionProperties) = preSolution
		HideSolutionNode = FALSE
	EndGlobalSection
	GlobalSection(ExtensibilityGlobals) = postSolution
		SolutionGuid = {59AE3624-BCD6-4798-8D1A-0CE8D56A808F}
	EndGlobalSection
EndGlobal
